# This file was autogenerated by Stack.
# You should not edit this file by hand.
# For more information, please see the documentation at:
#   https://docs.haskellstack.org/en/stable/lock_files

packages:
- completed:
    hackage: aeson-2.2.3.0@sha256:ef66d29cb5b8d87a144838dfd5745bb3ac6b8fc4b142129fac84814baee13660,6351
    pantry-tree:
      sha256: f925a03afc15ae26beaf32dfbf4bf126b66744b459ea6a7065381c71ccd48371
      size: 83371
  original:
    hackage: aeson-2.2.3.0@rev:1
- completed:
    hackage: http-conduit-2.3.8@sha256:6ceea827376f20870fe8a6929555ccc84040962ec39ff381f7fa2464fba28512,3234
    pantry-tree:
      sha256: 3e87317eae9e8f5442665aaf32f0051dfc9c6d058f9248f0bb58986e5b92b1c0
      size: 784
  original:
    hackage: http-conduit-2.3.8
- completed:
    hackage: conduit-1.3.4.2@sha256:92165c9fc22f4e8c75b936b8ed4739360e8318bec2a05cd2c8c5b293d126b477,5129
    pantry-tree:
      sha256: 8f5f18d84acb44440b7de5df4a02c2954a5c25c38b86268cdccb055ed4ee5e8b
      size: 1957
  original:
    hackage: conduit-1.3.4.2
- completed:
    hackage: http-client-0.7.11@sha256:1fa9365e0fa26a9413254dd68e91e72273e259124198c3e853d24656827d8583,5775
    pantry-tree:
      sha256: 663394dd8d7fc278873385c9406f6aa67731dc74695cdd231a6c0af23203f8bf
      size: 2547
  original:
    hackage: http-client-0.7.11
- completed:
    hackage: servant-0.19@sha256:dc8309b0d23202113a79e8a58308000a52fe1bc7e319b39b940aba0af1984655,5562
    pantry-tree:
      sha256: 8d9e3be4dc97130aafd06ef675fef399b37e379ec71f39729adac1e6a47c959c
      size: 2802
  original:
    hackage: servant-0.19
- completed:
    hackage: servant-server-0.4.4@sha256:52732d28512dc87c2bb6a57a9142198480edf4b474975a073bcaa6f11ff16e14,3584
    pantry-tree:
      sha256: 77947c444dbeda612ac9e7d48d4a32b7d20348853d33144b4ca298714c9e03a5
      size: 845
  original:
    hackage: servant-server-0.4.4
- completed:
    hackage: wai-3.2.3@sha256:c7518618bdb842116dbc1a4e4553223799eef43add19278c2bbffb4536595fe0,1776
    pantry-tree:
      sha256: 24294d24aa28d9eba747b796e49d32afcecda70ba0d446e4073d9b2581a90a6e
      size: 485
  original:
    hackage: wai-3.2.3
- completed:
    hackage: warp-3.3.20@sha256:7f3b386b2d7504775c2cce4f695dab8ab0f2a716e031a78c8ad22dfdad169cd0,11391
    pantry-tree:
      sha256: 715ebe53b88794210801eb80df88a05af6abc91212902d0716c84464d0b905b2
      size: 3973
  original:
    hackage: warp-3.3.20
- completed:
    hackage: amqp-0.23.0@sha256:9b073cd116226ae1eb2382647d88a4a73d0bf446670f12248bc174ae92ee6e71,2609
    pantry-tree:
      sha256: fd6e9d4dc8bf12260f00020409da156db72069ee018cef0b567d3084db0ee5dc
      size: 1607
  original:
    hackage: amqp-0.23.0
- completed:
    hackage: hspec-2.11.9@sha256:6e7fb7a40404f11b028f1b19f07779887b2c8af04cbae7eaea73e83c440954c7,1763
    pantry-tree:
      sha256: 011f3767b57b7ecc9b34c390a6a0f9951bb0e503401365cf99ab79316ab2a898
      size: 584
  original:
    hackage: hspec-2.11.9
snapshots:
- completed:
    sha256: c93fb97219f317bdba82c69b4388665268c1964d9636a6ecdc9a58f8771f0bc0
    size: 658092
    url: https://raw.githubusercontent.com/commercialhaskell/stackage-snapshots/master/nightly/2024/8/17.yaml
  original: nightly-2024-08-17
